
Microsoft Visual Studio Solution File, Format Version 12.00
# Visual Studio 14
VisualStudioVersion = 14.0.25420.1
MinimumVisualStudioVersion = 10.0.40219.1
Project("{2150E333-8FDC-42A3-9474-1A3956D46DE8}") = "docs", "docs", "{BD027D44-25DC-45A3-B064-770065A7D06F}"
	ProjectSection(SolutionItems) = preProject
		..\README.md = ..\README.md
	EndProjectSection
EndProject
Project("{2150E333-8FDC-42A3-9474-1A3956D46DE8}") = "Tests", "Tests", "{59A0D883-09EA-4A39-AD5E-78A9E92303BB}"
EndProject
Project("{8BB2217D-0F2D-49D1-97BC-3654ED321F3B}") = "Core", "Core\Core.xproj", "{DAB98920-E8BF-44D9-AEEE-364E51EDFF43}"
EndProject
Project("{8BB2217D-0F2D-49D1-97BC-3654ED321F3B}") = "Domain", "Domain\Domain.xproj", "{039DE742-EF66-4E64-90BA-D68B9569EE56}"
EndProject
Project("{8BB2217D-0F2D-49D1-97BC-3654ED321F3B}") = "Application", "Application\Application.xproj", "{D6138769-EF97-4355-9F92-33F13F118600}"
EndProject
Project("{8BB2217D-0F2D-49D1-97BC-3654ED321F3B}") = "Infrastructure", "Infrastructure\Infrastructure.xproj", "{B055078E-F940-4217-9432-848B63EB9A87}"
EndProject
Global
	GlobalSection(SolutionConfigurationPlatforms) = preSolution
		Debug|Any CPU = Debug|Any CPU
		Release|Any CPU = Release|Any CPU
	EndGlobalSection
	GlobalSection(ProjectConfigurationPlatforms) = postSolution
		{DAB98920-E8BF-44D9-AEEE-364E51EDFF43}.Debug|Any CPU.ActiveCfg = Debug|Any CPU
		{DAB98920-E8BF-44D9-AEEE-364E51EDFF43}.Debug|Any CPU.Build.0 = Debug|Any CPU
		{DAB98920-E8BF-44D9-AEEE-364E51EDFF43}.Release|Any CPU.ActiveCfg = Release|Any CPU
		{DAB98920-E8BF-44D9-AEEE-364E51EDFF43}.Release|Any CPU.Build.0 = Release|Any CPU
		{039DE742-EF66-4E64-90BA-D68B9569EE56}.Debug|Any CPU.ActiveCfg = Debug|Any CPU
		{039DE742-EF66-4E64-90BA-D68B9569EE56}.Debug|Any CPU.Build.0 = Debug|Any CPU
		{039DE742-EF66-4E64-90BA-D68B9569EE56}.Release|Any CPU.ActiveCfg = Release|Any CPU
		{039DE742-EF66-4E64-90BA-D68B9569EE56}.Release|Any CPU.Build.0 = Release|Any CPU
		{D6138769-EF97-4355-9F92-33F13F118600}.Debug|Any CPU.ActiveCfg = Debug|Any CPU
		{D6138769-EF97-4355-9F92-33F13F118600}.Debug|Any CPU.Build.0 = Debug|Any CPU
		{D6138769-EF97-4355-9F92-33F13F118600}.Release|Any CPU.ActiveCfg = Release|Any CPU
		{D6138769-EF97-4355-9F92-33F13F118600}.Release|Any CPU.Build.0 = Release|Any CPU
		{B055078E-F940-4217-9432-848B63EB9A87}.Debug|Any CPU.ActiveCfg = Debug|Any CPU
		{B055078E-F940-4217-9432-848B63EB9A87}.Debug|Any CPU.Build.0 = Debug|Any CPU
		{B055078E-F940-4217-9432-848B63EB9A87}.Release|Any CPU.ActiveCfg = Release|Any CPU
		{B055078E-F940-4217-9432-848B63EB9A87}.Release|Any CPU.Build.0 = Release|Any CPU
	EndGlobalSection
	GlobalSection(SolutionProperties) = preSolution
		HideSolutionNode = FALSE
	EndGlobalSection
EndGlobal
