
Microsoft Visual Studio Solution File, Format Version 12.00
# Visual Studio 14
VisualStudioVersion = 14.0.25420.1
MinimumVisualStudioVersion = 10.0.40219.1
Project("{2150E333-8FDC-42A3-9474-1A3956D46DE8}") = "docs", "docs", "{BD027D44-25DC-45A3-B064-770065A7D06F}"
	ProjectSection(SolutionItems) = preProject
		..\README.md = ..\README.md
	EndProjectSection
EndProject
Project("{2150E333-8FDC-42A3-9474-1A3956D46DE8}") = "Tests", "Tests", "{59A0D883-09EA-4A39-AD5E-78A9E92303BB}"
EndProject
Project("{FAE04EC0-301F-11D3-BF4B-00C04F79EFBC}") = "Core", "Core\Core.csproj", "{3A139A95-8E32-4AFD-A5FC-36B32F0BD2BD}"
EndProject
Project("{FAE04EC0-301F-11D3-BF4B-00C04F79EFBC}") = "Domain", "Domain\Domain.csproj", "{DD179094-4899-4EFD-955A-5D4B5283F38F}"
EndProject
Project("{FAE04EC0-301F-11D3-BF4B-00C04F79EFBC}") = "Application", "Application\Application.csproj", "{F0041627-8ECF-404D-834F-281F105D8EB3}"
EndProject
Project("{FAE04EC0-301F-11D3-BF4B-00C04F79EFBC}") = "Infrastructure", "Infrastructure\Infrastructure.csproj", "{3DC90B3B-C842-4B49-8FD9-48DED989A607}"
EndProject
Project("{FAE04EC0-301F-11D3-BF4B-00C04F79EFBC}") = "Infrastructure.Web", "Infrastructure.Web\Infrastructure.Web.csproj", "{887A8565-4A10-44C8-82EF-F2F2D1D2BFBF}"
EndProject
Project("{FAE04EC0-301F-11D3-BF4B-00C04F79EFBC}") = "Application.UnitTests", "Application.UnitTests\Application.UnitTests.csproj", "{7A0FAB1E-2923-4D78-98A6-867CBC46343B}"
EndProject
Project("{FAE04EC0-301F-11D3-BF4B-00C04F79EFBC}") = "Infrastructure.UnitTests", "Infrastructure.UnitTests\Infrastructure.UnitTests.csproj", "{9084B2AB-217F-4315-BD03-92A748D3AC59}"
EndProject
Global
	GlobalSection(SolutionConfigurationPlatforms) = preSolution
		Debug|Any CPU = Debug|Any CPU
		Release|Any CPU = Release|Any CPU
	EndGlobalSection
	GlobalSection(ProjectConfigurationPlatforms) = postSolution
		{3A139A95-8E32-4AFD-A5FC-36B32F0BD2BD}.Debug|Any CPU.ActiveCfg = Debug|Any CPU
		{3A139A95-8E32-4AFD-A5FC-36B32F0BD2BD}.Debug|Any CPU.Build.0 = Debug|Any CPU
		{3A139A95-8E32-4AFD-A5FC-36B32F0BD2BD}.Release|Any CPU.ActiveCfg = Release|Any CPU
		{3A139A95-8E32-4AFD-A5FC-36B32F0BD2BD}.Release|Any CPU.Build.0 = Release|Any CPU
		{DD179094-4899-4EFD-955A-5D4B5283F38F}.Debug|Any CPU.ActiveCfg = Debug|Any CPU
		{DD179094-4899-4EFD-955A-5D4B5283F38F}.Debug|Any CPU.Build.0 = Debug|Any CPU
		{DD179094-4899-4EFD-955A-5D4B5283F38F}.Release|Any CPU.ActiveCfg = Release|Any CPU
		{DD179094-4899-4EFD-955A-5D4B5283F38F}.Release|Any CPU.Build.0 = Release|Any CPU
		{F0041627-8ECF-404D-834F-281F105D8EB3}.Debug|Any CPU.ActiveCfg = Debug|Any CPU
		{F0041627-8ECF-404D-834F-281F105D8EB3}.Debug|Any CPU.Build.0 = Debug|Any CPU
		{F0041627-8ECF-404D-834F-281F105D8EB3}.Release|Any CPU.ActiveCfg = Release|Any CPU
		{F0041627-8ECF-404D-834F-281F105D8EB3}.Release|Any CPU.Build.0 = Release|Any CPU
		{3DC90B3B-C842-4B49-8FD9-48DED989A607}.Debug|Any CPU.ActiveCfg = Debug|Any CPU
		{3DC90B3B-C842-4B49-8FD9-48DED989A607}.Debug|Any CPU.Build.0 = Debug|Any CPU
		{3DC90B3B-C842-4B49-8FD9-48DED989A607}.Release|Any CPU.ActiveCfg = Release|Any CPU
		{3DC90B3B-C842-4B49-8FD9-48DED989A607}.Release|Any CPU.Build.0 = Release|Any CPU
		{887A8565-4A10-44C8-82EF-F2F2D1D2BFBF}.Debug|Any CPU.ActiveCfg = Debug|Any CPU
		{887A8565-4A10-44C8-82EF-F2F2D1D2BFBF}.Debug|Any CPU.Build.0 = Debug|Any CPU
		{887A8565-4A10-44C8-82EF-F2F2D1D2BFBF}.Release|Any CPU.ActiveCfg = Release|Any CPU
		{887A8565-4A10-44C8-82EF-F2F2D1D2BFBF}.Release|Any CPU.Build.0 = Release|Any CPU
		{7A0FAB1E-2923-4D78-98A6-867CBC46343B}.Debug|Any CPU.ActiveCfg = Debug|Any CPU
		{7A0FAB1E-2923-4D78-98A6-867CBC46343B}.Debug|Any CPU.Build.0 = Debug|Any CPU
		{7A0FAB1E-2923-4D78-98A6-867CBC46343B}.Release|Any CPU.ActiveCfg = Release|Any CPU
		{7A0FAB1E-2923-4D78-98A6-867CBC46343B}.Release|Any CPU.Build.0 = Release|Any CPU
		{9084B2AB-217F-4315-BD03-92A748D3AC59}.Debug|Any CPU.ActiveCfg = Debug|Any CPU
		{9084B2AB-217F-4315-BD03-92A748D3AC59}.Debug|Any CPU.Build.0 = Debug|Any CPU
		{9084B2AB-217F-4315-BD03-92A748D3AC59}.Release|Any CPU.ActiveCfg = Release|Any CPU
		{9084B2AB-217F-4315-BD03-92A748D3AC59}.Release|Any CPU.Build.0 = Release|Any CPU
	EndGlobalSection
	GlobalSection(SolutionProperties) = preSolution
		HideSolutionNode = FALSE
	EndGlobalSection
	GlobalSection(NestedProjects) = preSolution
		{7A0FAB1E-2923-4D78-98A6-867CBC46343B} = {59A0D883-09EA-4A39-AD5E-78A9E92303BB}
		{9084B2AB-217F-4315-BD03-92A748D3AC59} = {59A0D883-09EA-4A39-AD5E-78A9E92303BB}
	EndGlobalSection
EndGlobal
